
Microsoft Visual Studio Solution File, Format Version 12.00
# Visual Studio Version 17
VisualStudioVersion = 17.4.33110.190
MinimumVisualStudioVersion = 10.0.40219.1
Project("{FAE04EC0-301F-11D3-BF4B-00C04F79EFBC}") = "vidly2", "vidly2\vidly2.csproj", "{A0BD85E6-9E7A-492A-B3F9-399D00339711}"
EndProject
Global
	GlobalSection(SolutionConfigurationPlatforms) = preSolution
		Debug|Any CPU = Debug|Any CPU
		Release|Any CPU = Release|Any CPU
	EndGlobalSection
	GlobalSection(ProjectConfigurationPlatforms) = postSolution
		{A0BD85E6-9E7A-492A-B3F9-399D00339711}.Debug|Any CPU.ActiveCfg = Debug|Any CPU
		{A0BD85E6-9E7A-492A-B3F9-399D00339711}.Debug|Any CPU.Build.0 = Debug|Any CPU
		{A0BD85E6-9E7A-492A-B3F9-399D00339711}.Release|Any CPU.ActiveCfg = Release|Any CPU
		{A0BD85E6-9E7A-492A-B3F9-399D00339711}.Release|Any CPU.Build.0 = Release|Any CPU
	EndGlobalSection
	GlobalSection(SolutionProperties) = preSolution
		HideSolutionNode = FALSE
	EndGlobalSection
	GlobalSection(ExtensibilityGlobals) = postSolution
		SolutionGuid = {0ECF2C3A-3CEA-445E-98A8-30321A0F09E9}
	EndGlobalSection
EndGlobal
